# This file was autogenerated by uv via the following command:
#    uv pip compile requirements.txt -o requirements.lock
aiohappyeyeballs==2.6.1
    # via aiohttp
aiohttp==3.13.0
    # via -r requirements.txt
aiosignal==1.4.0
    # via aiohttp
attrs==25.4.0
    # via aiohttp
brotli==1.1.0
    # via -r requirements.txt
certifi==2025.10.5
    # via requests
charset-normalizer==3.4.3
    # via requests
frozenlist==1.8.0
    # via
    #   aiohttp
    #   aiosignal
idna==3.10
    # via
    #   requests
    #   yarl
markdown-it-py==4.0.0
    # via rich
mdurl==0.1.2
    # via markdown-it-py
multidict==6.7.0
    # via
    #   aiohttp
    #   yarl
propcache==0.4.1
    # via
    #   aiohttp
    #   yarl
pygments==2.19.2
    # via rich
pyyaml==6.0.3
    # via -r requirements.txt
requests==2.32.5
    # via -r requirements.txt
rich==14.2.0
    # via -r requirements.txt
tqdm==4.67.1
    # via -r requirements.txt
typing-extensions==4.15.0
    # via aiosignal
urllib3==2.5.0
    # via requests
yarl==1.22.0
    # via aiohttp
